# This file is automatically @generated by Cargo.
# It is not intended for manual editing.
version = 4

[[package]]
name = "cfg-if"
version = "1.0.4"
source = "registry+https://github.com/rust-lang/crates.io-index"
checksum = "9330f8b2ff13f34540b44e946ef35111825727b38d33286ef986142615121801"

[[package]]
name = "chacha20"
version = "0.10.1"
source = "registry+https://github.com/rust-lang/crates.io-index"
checksum = "d524456ba66e72eb8b115ff89e01e497f8e6d11d78b70b1aa13c0fbd97540a81"
dependencies = [
 "cfg-if",
 "cpufeatures",
 "rand_core",
]

[[package]]
name = "colored"
version = "3.1.1"
source = "registry+https://github.com/rust-lang/crates.io-index"
checksum = "faf9468729b8cbcea668e36183cb69d317348c2e08e994829fb56ebfdfbaac34"
dependencies = [
 "windows-sys",
]

[[package]]
name = "cpufeatures"
version = "0.3.0"
source = "registry+https://github.com/rust-lang/crates.io-index"
checksum = "8b2a41393f66f16b0823bb79094d54ac5fbd34ab292ddafb9a0456ac9f87d201"
dependencies = [
 "libc",
]

[[package]]
name = "getrandom"
version = "0.4.3"
source = "registry+https://github.com/rust-lang/crates.io-index"
checksum = "300e883d756b2e4ec94e02791f39b04b522276138852cfc41d9fb7e904106099"
dependencies = [
 "cfg-if",
 "libc",
 "r-efi",
 "rand_core",
]

[[package]]
name = "libc"
version = "0.2.186"
source = "registry+https://github.com/rust-lang/crates.io-index"
checksum = "68ab91017fe16c622486840e4c83c9a37afeff978bd239b5293d61ece587de66"

[[package]]
name = "proc-macro2"
version = "1.0.106"
source = "registry+https://github.com/rust-lang/crates.io-index"
checksum = "8fd00f0bb2e90d81d1044c2b32617f68fcb9fa3bb7640c23e9c748e53fb30934"
dependencies = [
 "unicode-ident",
]

[[package]]
name = "quote"
version = "1.0.45"
source = "registry+https://github.com/rust-lang/crates.io-index"
checksum = "41f2619966050689382d2b44f664f4bc593e129785a36d6ee376ddf37259b924"
dependencies = [
 "proc-macro2",
]

[[package]]
name = "r-efi"
version = "6.0.0"
source = "registry+https://github.com/rust-lang/crates.io-index"
checksum = "f8dcc9c7d52a811697d2151c701e0d08956f92b0e24136cf4cf27b57a6a0d9bf"

[[package]]
name = "rand"
version = "0.10.2"
source = "registry+https://github.com/rust-lang/crates.io-index"
checksum = "c7f5fa3a058cd35567ef9bfa5e75732bee0f9e4c55fa90477bef2dfcdbc4be80"
dependencies = [
 "chacha20",
 "getrandom",
 "rand_core",
]

[[package]]
name = "rand_core"
version = "0.10.1"
source = "registry+https://github.com/rust-lang/crates.io-index"
checksum = "63b8176103e19a2643978565ca18b50549f6101881c443590420e4dc998a3c69"

[[package]]
name = "slot_machine"
version = "0.1.0"
dependencies = [
 "colored",
 "rand",
 "thiserror",
]

[[package]]
name = "syn"
version = "3.0.3"
source = "registry+https://github.com/rust-lang/crates.io-index"
checksum = "53e9bae58849f64dfa4f5d5ae372c8341f7305f82a3868709269343628b659a3"
dependencies = [
 "proc-macro2",
 "quote",
 "unicode-ident",
]

[[package]]
name = "thiserror"
version = "2.0.19"
source = "registry+https://github.com/rust-lang/crates.io-index"
checksum = "09a43598840e33d5b0331f38c5e30d13bb11c11210a4b58f0d9b18a5a5eefcd9"
dependencies = [
 "thiserror-impl",
]

[[package]]
name = "thiserror-impl"
version = "2.0.19"
source = "registry+https://github.com/rust-lang/crates.io-index"
checksum = "43cbfe0cf76104d42a574802844187e84a305e531ed54455f11fbde0f10541cd"
dependencies = [
 "proc-macro2",
 "quote",
 "syn",
]

[[package]]
name = "unicode-ident"
version = "1.0.24"
source = "registry+https://github.com/rust-lang/crates.io-index"
checksum = "e6e4313cd5fcd3dad5cafa179702e2b244f760991f45397d14d4ebf38247da75"

[[package]]
name = "windows-link"
version = "0.2.1"
source = "registry+https://github.com/rust-lang/crates.io-index"
checksum = "f0805222e57f7521d6a62e36fa9163bc891acd422f971defe97d64e70d0a4fe5"

[[package]]
name = "windows-sys"
version = "0.61.2"
source = "registry+https://github.com/rust-lang/crates.io-index"
checksum = "ae137229bcbd6cdf0f7b80a31df61766145077ddf49416a728b02cb3921ff3fc"
dependencies = [
 "windows-link",
]
